
Microsoft Visual Studio Solution File, Format Version 12.00
# Visual Studio Version 17
VisualStudioVersion = 17.12.35707.178 d17.12
MinimumVisualStudioVersion = 10.0.40219.1
Project("{FAE04EC0-301F-11D3-BF4B-00C04F79EFBC}") = "UI", "UI\UI.csproj", "{B572E1F3-822D-4644-8F47-8CEA7AC98630}"
EndProject
Project("{FAE04EC0-301F-11D3-BF4B-00C04F79EFBC}") = "BackEnd", "BackEnd\BackEnd.csproj", "{9F9FA813-EE94-465B-AEC6-F5898B6A79BB}"
EndProject
Global
	GlobalSection(SolutionConfigurationPlatforms) = preSolution
		Debug|Any CPU = Debug|Any CPU
		Release|Any CPU = Release|Any CPU
	EndGlobalSection
	GlobalSection(ProjectConfigurationPlatforms) = postSolution
		{B572E1F3-822D-4644-8F47-8CEA7AC98630}.Debug|Any CPU.ActiveCfg = Debug|Any CPU
		{B572E1F3-822D-4644-8F47-8CEA7AC98630}.Debug|Any CPU.Build.0 = Debug|Any CPU
		{B572E1F3-822D-4644-8F47-8CEA7AC98630}.Release|Any CPU.ActiveCfg = Release|Any CPU
		{B572E1F3-822D-4644-8F47-8CEA7AC98630}.Release|Any CPU.Build.0 = Release|Any CPU
		{9F9FA813-EE94-465B-AEC6-F5898B6A79BB}.Debug|Any CPU.ActiveCfg = Debug|Any CPU
		{9F9FA813-EE94-465B-AEC6-F5898B6A79BB}.Debug|Any CPU.Build.0 = Debug|Any CPU
		{9F9FA813-EE94-465B-AEC6-F5898B6A79BB}.Release|Any CPU.ActiveCfg = Release|Any CPU
		{9F9FA813-EE94-465B-AEC6-F5898B6A79BB}.Release|Any CPU.Build.0 = Release|Any CPU
	EndGlobalSection
	GlobalSection(SolutionProperties) = preSolution
		HideSolutionNode = FALSE
	EndGlobalSection
EndGlobal
